
Microsoft Visual Studio Solution File, Format Version 12.00
# Visual Studio Version 16
VisualStudioVersion = 16.0.29409.12
MinimumVisualStudioVersion = 10.0.40219.1
Project("{FAE04EC0-301F-11D3-BF4B-00C04F79EFBC}") = "Sayı Tahmin Oyunu", "Sayı Tahmin Oyunu\Sayı Tahmin Oyunu.csproj", "{D207A617-A5AE-4909-8669-349561238BF2}"
EndProject
Global
	GlobalSection(SolutionConfigurationPlatforms) = preSolution
		Debug|Any CPU = Debug|Any CPU
		Release|Any CPU = Release|Any CPU
	EndGlobalSection
	GlobalSection(ProjectConfigurationPlatforms) = postSolution
		{D207A617-A5AE-4909-8669-349561238BF2}.Debug|Any CPU.ActiveCfg = Debug|Any CPU
		{D207A617-A5AE-4909-8669-349561238BF2}.Debug|Any CPU.Build.0 = Debug|Any CPU
		{D207A617-A5AE-4909-8669-349561238BF2}.Release|Any CPU.ActiveCfg = Release|Any CPU
		{D207A617-A5AE-4909-8669-349561238BF2}.Release|Any CPU.Build.0 = Release|Any CPU
	EndGlobalSection
	GlobalSection(SolutionProperties) = preSolution
		HideSolutionNode = FALSE
	EndGlobalSection
	GlobalSection(ExtensibilityGlobals) = postSolution
		SolutionGuid = {23C76964-9BC0-427E-B635-305B616D8E39}
	EndGlobalSection
EndGlobal
